
Microsoft Visual Studio Solution File, Format Version 12.00
# Visual Studio 14
VisualStudioVersion = 14.0.24720.0
MinimumVisualStudioVersion = 10.0.40219.1
Project("{FAE04EC0-301F-11D3-BF4B-00C04F79EFBC}") = "Esercizi-CSharp", "Esercizi-CSharp\Esercizi-CSharp.csproj", "{15BA1416-DF87-44B5-874E-34BE8C55B563}"
EndProject
Project("{FAE04EC0-301F-11D3-BF4B-00C04F79EFBC}") = "Esercizio 01 ((Saluti)", "Esercizio 1\Esercizio 01 ((Saluti).csproj", "{BF4EAF9D-7BA6-44BF-801D-D8674A162652}"
EndProject
Project("{FAE04EC0-301F-11D3-BF4B-00C04F79EFBC}") = "Esercizio 02 (stringhe di formattazione)", "Esercizio 2\Esercizio 02 (stringhe di formattazione).csproj", "{98BC338F-192A-41FA-AE69-5B3312B6945C}"
EndProject
Project("{FAE04EC0-301F-11D3-BF4B-00C04F79EFBC}") = "Esercizio 03 (stringhe di formattazione 2)", "Esercizio 3\Esercizio 03 (stringhe di formattazione 2).csproj", "{C358561F-73C2-4FA0-A537-07A2CE1ADE3B}"
EndProject
Project("{FAE04EC0-301F-11D3-BF4B-00C04F79EFBC}") = "Esercizio 04 (info tipi predefiniti)", "Esercizio 4\Esercizio 04 (info tipi predefiniti).csproj", "{36C91321-2901-4AE7-A4D8-51569BF2A548}"
EndProject
Project("{FAE04EC0-301F-11D3-BF4B-00C04F79EFBC}") = "Esercizio 05 (enum)", "Esercizio 5\Esercizio 05 (enum).csproj", "{84F2DA6B-A7C7-4A5D-B2EE-E26532A3A766}"
EndProject
Project("{FAE04EC0-301F-11D3-BF4B-00C04F79EFBC}") = "Esercizio 06 (Flags)", "Esercizio 6\Esercizio 06 (Flags).csproj", "{336104A2-22A9-475D-8AD0-853B482B4901}"
EndProject
Project("{FAE04EC0-301F-11D3-BF4B-00C04F79EFBC}") = "Esercizio 07 (nullable)", "Esercizio 7\Esercizio 07 (nullable).csproj", "{D9736167-751B-42A7-9638-8BC5A4D628E0}"
EndProject
Project("{FAE04EC0-301F-11D3-BF4B-00C04F79EFBC}") = "Esercizio 08 (la classe Convert e metodo typeof)", "Esercizio 8\Esercizio 08 (la classe Convert e metodo typeof).csproj", "{DA16AA92-B87B-4A0A-AFF2-8E7A7AB2BE70}"
EndProject
Project("{FAE04EC0-301F-11D3-BF4B-00C04F79EFBC}") = "Esercizio 09 (range tipi di dati)", "Esercizio 9\Esercizio 09 (range tipi di dati).csproj", "{70930D56-447F-4850-861F-C879C0D444E1}"
EndProject
Project("{FAE04EC0-301F-11D3-BF4B-00C04F79EFBC}") = "Esercizio 10 (array)", "Esercizio 10 (array)\Esercizio 10 (array).csproj", "{F9E4BD1A-11DA-4955-B141-5298073990BB}"
EndProject
Project("{FAE04EC0-301F-11D3-BF4B-00C04F79EFBC}") = "Esercizio 11 (....)", "Esercizio 11 (nullable)\Esercizio 11 (....).csproj", "{B2731E2C-665F-4E7C-BD5E-1A0F4AB355CF}"
EndProject
Global
	GlobalSection(SolutionConfigurationPlatforms) = preSolution
		Debug|Any CPU = Debug|Any CPU
		Release|Any CPU = Release|Any CPU
	EndGlobalSection
	GlobalSection(ProjectConfigurationPlatforms) = postSolution
		{15BA1416-DF87-44B5-874E-34BE8C55B563}.Debug|Any CPU.ActiveCfg = Debug|Any CPU
		{15BA1416-DF87-44B5-874E-34BE8C55B563}.Debug|Any CPU.Build.0 = Debug|Any CPU
		{15BA1416-DF87-44B5-874E-34BE8C55B563}.Release|Any CPU.ActiveCfg = Release|Any CPU
		{15BA1416-DF87-44B5-874E-34BE8C55B563}.Release|Any CPU.Build.0 = Release|Any CPU
		{BF4EAF9D-7BA6-44BF-801D-D8674A162652}.Debug|Any CPU.ActiveCfg = Debug|Any CPU
		{BF4EAF9D-7BA6-44BF-801D-D8674A162652}.Debug|Any CPU.Build.0 = Debug|Any CPU
		{BF4EAF9D-7BA6-44BF-801D-D8674A162652}.Release|Any CPU.ActiveCfg = Release|Any CPU
		{BF4EAF9D-7BA6-44BF-801D-D8674A162652}.Release|Any CPU.Build.0 = Release|Any CPU
		{98BC338F-192A-41FA-AE69-5B3312B6945C}.Debug|Any CPU.ActiveCfg = Debug|Any CPU
		{98BC338F-192A-41FA-AE69-5B3312B6945C}.Debug|Any CPU.Build.0 = Debug|Any CPU
		{98BC338F-192A-41FA-AE69-5B3312B6945C}.Release|Any CPU.ActiveCfg = Release|Any CPU
		{98BC338F-192A-41FA-AE69-5B3312B6945C}.Release|Any CPU.Build.0 = Release|Any CPU
		{C358561F-73C2-4FA0-A537-07A2CE1ADE3B}.Debug|Any CPU.ActiveCfg = Debug|Any CPU
		{C358561F-73C2-4FA0-A537-07A2CE1ADE3B}.Debug|Any CPU.Build.0 = Debug|Any CPU
		{C358561F-73C2-4FA0-A537-07A2CE1ADE3B}.Release|Any CPU.ActiveCfg = Release|Any CPU
		{C358561F-73C2-4FA0-A537-07A2CE1ADE3B}.Release|Any CPU.Build.0 = Release|Any CPU
		{36C91321-2901-4AE7-A4D8-51569BF2A548}.Debug|Any CPU.ActiveCfg = Debug|Any CPU
		{36C91321-2901-4AE7-A4D8-51569BF2A548}.Debug|Any CPU.Build.0 = Debug|Any CPU
		{36C91321-2901-4AE7-A4D8-51569BF2A548}.Release|Any CPU.ActiveCfg = Release|Any CPU
		{36C91321-2901-4AE7-A4D8-51569BF2A548}.Release|Any CPU.Build.0 = Release|Any CPU
		{84F2DA6B-A7C7-4A5D-B2EE-E26532A3A766}.Debug|Any CPU.ActiveCfg = Debug|Any CPU
		{84F2DA6B-A7C7-4A5D-B2EE-E26532A3A766}.Debug|Any CPU.Build.0 = Debug|Any CPU
		{84F2DA6B-A7C7-4A5D-B2EE-E26532A3A766}.Release|Any CPU.ActiveCfg = Release|Any CPU
		{84F2DA6B-A7C7-4A5D-B2EE-E26532A3A766}.Release|Any CPU.Build.0 = Release|Any CPU
		{336104A2-22A9-475D-8AD0-853B482B4901}.Debug|Any CPU.ActiveCfg = Debug|Any CPU
		{336104A2-22A9-475D-8AD0-853B482B4901}.Debug|Any CPU.Build.0 = Debug|Any CPU
		{336104A2-22A9-475D-8AD0-853B482B4901}.Release|Any CPU.ActiveCfg = Release|Any CPU
		{336104A2-22A9-475D-8AD0-853B482B4901}.Release|Any CPU.Build.0 = Release|Any CPU
		{D9736167-751B-42A7-9638-8BC5A4D628E0}.Debug|Any CPU.ActiveCfg = Debug|Any CPU
		{D9736167-751B-42A7-9638-8BC5A4D628E0}.Debug|Any CPU.Build.0 = Debug|Any CPU
		{D9736167-751B-42A7-9638-8BC5A4D628E0}.Release|Any CPU.ActiveCfg = Release|Any CPU
		{D9736167-751B-42A7-9638-8BC5A4D628E0}.Release|Any CPU.Build.0 = Release|Any CPU
		{DA16AA92-B87B-4A0A-AFF2-8E7A7AB2BE70}.Debug|Any CPU.ActiveCfg = Debug|Any CPU
		{DA16AA92-B87B-4A0A-AFF2-8E7A7AB2BE70}.Debug|Any CPU.Build.0 = Debug|Any CPU
		{DA16AA92-B87B-4A0A-AFF2-8E7A7AB2BE70}.Release|Any CPU.ActiveCfg = Release|Any CPU
		{DA16AA92-B87B-4A0A-AFF2-8E7A7AB2BE70}.Release|Any CPU.Build.0 = Release|Any CPU
		{70930D56-447F-4850-861F-C879C0D444E1}.Debug|Any CPU.ActiveCfg = Debug|Any CPU
		{70930D56-447F-4850-861F-C879C0D444E1}.Debug|Any CPU.Build.0 = Debug|Any CPU
		{70930D56-447F-4850-861F-C879C0D444E1}.Release|Any CPU.ActiveCfg = Release|Any CPU
		{70930D56-447F-4850-861F-C879C0D444E1}.Release|Any CPU.Build.0 = Release|Any CPU
		{F9E4BD1A-11DA-4955-B141-5298073990BB}.Debug|Any CPU.ActiveCfg = Debug|Any CPU
		{F9E4BD1A-11DA-4955-B141-5298073990BB}.Debug|Any CPU.Build.0 = Debug|Any CPU
		{F9E4BD1A-11DA-4955-B141-5298073990BB}.Release|Any CPU.ActiveCfg = Release|Any CPU
		{F9E4BD1A-11DA-4955-B141-5298073990BB}.Release|Any CPU.Build.0 = Release|Any CPU
		{B2731E2C-665F-4E7C-BD5E-1A0F4AB355CF}.Debug|Any CPU.ActiveCfg = Debug|Any CPU
		{B2731E2C-665F-4E7C-BD5E-1A0F4AB355CF}.Debug|Any CPU.Build.0 = Debug|Any CPU
		{B2731E2C-665F-4E7C-BD5E-1A0F4AB355CF}.Release|Any CPU.ActiveCfg = Release|Any CPU
		{B2731E2C-665F-4E7C-BD5E-1A0F4AB355CF}.Release|Any CPU.Build.0 = Release|Any CPU
	EndGlobalSection
	GlobalSection(SolutionProperties) = preSolution
		HideSolutionNode = FALSE
	EndGlobalSection
EndGlobal
